github.com/google/go-cmp v0.5.2 h1:X2ev0eStA3AbceY54o37/0PQ/UWqKEiiO2dKL5OPaFM=
github.com/google/go-cmp v0.5.2/go.mod h1:v8dTdLbMG2kIc/vJvl+f65V22dbkXbowE6jgT/gNBxE=
github.com/leep-frog/commands v1.0.0 h1:5qpHgjqNg2p61qo89LWktnynFoGBoUcMDVyxxVGZI30=
github.com/leep-frog/commands v1.0.1-0.20201012144621-3126d8e59655 h1:9XQIxdufniZlWKWObVWekCUOU5HVKBlAa4cHATecB+E=
github.com/leep-frog/commands v1.0.1-0.20201012144621-3126d8e59655/go.mod h1:JiPTp+skgvKR98FS3nl6mdtzA2pB6BEFra2YR7XkMKA=
github.com/leep-frog/commands v1.0.1-0.20201015141435-f2e1b0baec08 h1:hndFJipe8zlrpooCS0HJclOQg/m87CYOyo4wawP2jRU=
github.com/leep-frog/commands v1.0.1-0.20201015141435-f2e1b0baec08/go.mod h1:JiPTp+skgvKR98FS3nl6mdtzA2pB6BEFra2YR7XkMKA=
github.com/leep-frog/commands v1.0.1-0.20201101020929-c05396686bb4 h1:zRhGwmarBi+wNQx3RQ37gViVOAXmB27+HDlNDPR3c1M=
github.com/leep-frog/commands v1.0.1-0.20201101020929-c05396686bb4/go.mod h1:JiPTp+skgvKR98FS3nl6mdtzA2pB6BEFra2YR7XkMKA=
github.com/leep-frog/commands v1.0.1-0.20201101163531-57f55b0cc562 h1:ejxzHju//MELJ34cBtQhXjf1M2ldT1+B6H4MBzE9NWU=
github.com/leep-frog/commands v1.0.1-0.20201101163531-57f55b0cc562/go.mod h1:JiPTp+skgvKR98FS3nl6mdtzA2pB6BEFra2YR7XkMKA=
github.com/leep-frog/commands v1.0.1-0.20201116140558-7ec528a99874 h1:upAZjlxPtkv1YO590jF965IyQ1xccoZkY8gPKeh1BO8=
github.com/leep-frog/commands v1.0.1-0.20201116140558-7ec528a99874/go.mod h1:JiPTp+skgvKR98FS3nl6mdtzA2pB6BEFra2YR7XkMKA=
github.com/leep-frog/commands v1.0.1-0.20201116142233-b034dde056c0 h1:rDcr5IEUYz6qaME01JEIJrDdAII76qIfyYqjkY4FIrg=
github.com/leep-frog/commands v1.0.1-0.20201116142233-b034dde056c0/go.mod h1:JiPTp+skgvKR98FS3nl6mdtzA2pB6BEFra2YR7XkMKA=
github.com/leep-frog/commands v1.0.1-0.20201116143922-ddf1935cc856 h1:ElFMWIC1Y3eR4OmVn8ZlWkoZWgid487tUTLAS0zLEaA=
github.com/leep-frog/commands v1.0.1-0.20201116143922-ddf1935cc856/go.mod h1:JiPTp+skgvKR98FS3nl6mdtzA2pB6BEFra2YR7XkMKA=
github.com/leep-frog/commands v1.0.1-0.20201116151638-4c34d47f1ebd h1:y8LUlOZp5vyQWr05CvE7A0V1bFks5Y2bD9z+d13TcZE=
github.com/leep-frog/commands v1.0.1-0.20201116151638-4c34d47f1ebd/go.mod h1:JiPTp+skgvKR98FS3nl6mdtzA2pB6BEFra2YR7XkMKA=
golang.org/x/xerrors v0.0.0-20191204190536-9bdfabe68543 h1:E7g+9GITq07hpfrRu66IVDexMakfv52eLZ2CXBWiKr4=
golang.org/x/xerrors v0.0.0-20191204190536-9bdfabe68543/go.mod h1:I/5z698sn9Ka8TeJc9MKroUUfqBBauWjQqLJ2OPfmY0=
